
Microsoft Visual Studio Solution File, Format Version 12.00
# Visual Studio Version 17
VisualStudioVersion = 17.6.33829.357
MinimumVisualStudioVersion = 10.0.40219.1
Project("{FAE04EC0-301F-11D3-BF4B-00C04F79EFBC}") = "5-leer-O-EscribirUnTXT", "5-leer-O-EscribirUnTXT.csproj", "{6FB0043C-895D-40BD-97B3-94F2BAF9DF84}"
EndProject
Global
	GlobalSection(SolutionConfigurationPlatforms) = preSolution
		Debug|Any CPU = Debug|Any CPU
		Release|Any CPU = Release|Any CPU
	EndGlobalSection
	GlobalSection(ProjectConfigurationPlatforms) = postSolution
		{6FB0043C-895D-40BD-97B3-94F2BAF9DF84}.Debug|Any CPU.ActiveCfg = Debug|Any CPU
		{6FB0043C-895D-40BD-97B3-94F2BAF9DF84}.Debug|Any CPU.Build.0 = Debug|Any CPU
		{6FB0043C-895D-40BD-97B3-94F2BAF9DF84}.Release|Any CPU.ActiveCfg = Release|Any CPU
		{6FB0043C-895D-40BD-97B3-94F2BAF9DF84}.Release|Any CPU.Build.0 = Release|Any CPU
	EndGlobalSection
	GlobalSection(SolutionProperties) = preSolution
		HideSolutionNode = FALSE
	EndGlobalSection
	GlobalSection(ExtensibilityGlobals) = postSolution
		SolutionGuid = {32FB23CC-12D3-4EC0-B73E-CD769927BA9D}
	EndGlobalSection
EndGlobal
