
Microsoft Visual Studio Solution File, Format Version 12.00
# Visual Studio Version 17
VisualStudioVersion = 17.6.33829.357
MinimumVisualStudioVersion = 10.0.40219.1
Project("{FAE04EC0-301F-11D3-BF4B-00C04F79EFBC}") = "1-totalAcumuladoCompra", "1-totalAcumuladoCompra.csproj", "{783E211C-C34E-4DEA-9ED1-F71F657FB092}"
EndProject
Global
	GlobalSection(SolutionConfigurationPlatforms) = preSolution
		Debug|Any CPU = Debug|Any CPU
		Release|Any CPU = Release|Any CPU
	EndGlobalSection
	GlobalSection(ProjectConfigurationPlatforms) = postSolution
		{783E211C-C34E-4DEA-9ED1-F71F657FB092}.Debug|Any CPU.ActiveCfg = Debug|Any CPU
		{783E211C-C34E-4DEA-9ED1-F71F657FB092}.Debug|Any CPU.Build.0 = Debug|Any CPU
		{783E211C-C34E-4DEA-9ED1-F71F657FB092}.Release|Any CPU.ActiveCfg = Release|Any CPU
		{783E211C-C34E-4DEA-9ED1-F71F657FB092}.Release|Any CPU.Build.0 = Release|Any CPU
	EndGlobalSection
	GlobalSection(SolutionProperties) = preSolution
		HideSolutionNode = FALSE
	EndGlobalSection
	GlobalSection(ExtensibilityGlobals) = postSolution
		SolutionGuid = {66C52230-CCD9-4295-8761-D8AE8EF117BD}
	EndGlobalSection
EndGlobal
