
Microsoft Visual Studio Solution File, Format Version 12.00
# Visual Studio Version 17
VisualStudioVersion = 17.7.34003.232
MinimumVisualStudioVersion = 10.0.40219.1
Project("{FAE04EC0-301F-11D3-BF4B-00C04F79EFBC}") = "ejemploForeach", "ejemploForeach.csproj", "{11DE83B3-7BC9-4428-9419-940E4E25ACD8}"
EndProject
Global
	GlobalSection(SolutionConfigurationPlatforms) = preSolution
		Debug|Any CPU = Debug|Any CPU
		Release|Any CPU = Release|Any CPU
	EndGlobalSection
	GlobalSection(ProjectConfigurationPlatforms) = postSolution
		{11DE83B3-7BC9-4428-9419-940E4E25ACD8}.Debug|Any CPU.ActiveCfg = Debug|Any CPU
		{11DE83B3-7BC9-4428-9419-940E4E25ACD8}.Debug|Any CPU.Build.0 = Debug|Any CPU
		{11DE83B3-7BC9-4428-9419-940E4E25ACD8}.Release|Any CPU.ActiveCfg = Release|Any CPU
		{11DE83B3-7BC9-4428-9419-940E4E25ACD8}.Release|Any CPU.Build.0 = Release|Any CPU
	EndGlobalSection
	GlobalSection(SolutionProperties) = preSolution
		HideSolutionNode = FALSE
	EndGlobalSection
	GlobalSection(ExtensibilityGlobals) = postSolution
		SolutionGuid = {B99D8167-6099-4ED5-AAD3-006F12D5E158}
	EndGlobalSection
EndGlobal
