
Microsoft Visual Studio Solution File, Format Version 12.00
# Visual Studio Version 17
VisualStudioVersion = 17.7.34003.232
MinimumVisualStudioVersion = 10.0.40219.1
Project("{FAE04EC0-301F-11D3-BF4B-00C04F79EFBC}") = "binarioHexDecOct", "binarioHexDecOct.csproj", "{CCAD1FF3-75DA-4734-88A9-DD2B34B6F737}"
EndProject
Global
	GlobalSection(SolutionConfigurationPlatforms) = preSolution
		Debug|Any CPU = Debug|Any CPU
		Release|Any CPU = Release|Any CPU
	EndGlobalSection
	GlobalSection(ProjectConfigurationPlatforms) = postSolution
		{CCAD1FF3-75DA-4734-88A9-DD2B34B6F737}.Debug|Any CPU.ActiveCfg = Debug|Any CPU
		{CCAD1FF3-75DA-4734-88A9-DD2B34B6F737}.Debug|Any CPU.Build.0 = Debug|Any CPU
		{CCAD1FF3-75DA-4734-88A9-DD2B34B6F737}.Release|Any CPU.ActiveCfg = Release|Any CPU
		{CCAD1FF3-75DA-4734-88A9-DD2B34B6F737}.Release|Any CPU.Build.0 = Release|Any CPU
	EndGlobalSection
	GlobalSection(SolutionProperties) = preSolution
		HideSolutionNode = FALSE
	EndGlobalSection
	GlobalSection(ExtensibilityGlobals) = postSolution
		SolutionGuid = {105B8872-9676-4DE8-B968-03598DB00799}
	EndGlobalSection
EndGlobal
